Microsoft Visual Studio Solution File, Format Version 12.00
# Visual Studio Version 16
VisualStudioVersion = 16.0.29509.3
MinimumVisualStudioVersion = 10.0.40219.1
Project("{9A19103F-16F7-4668-BE54-9A1E7A4F7556}") = "EngineTest1", "EngineTest1\EngineTest1.csproj", "{CA5B0FBF-B748-4D05-A3B8-0D4EF58285C1}"
EndProject
Project("{FAE04EC0-301F-11D3-BF4B-00C04F79EFBC}") = "Editor", "Editor\Editor.csproj", "{8FB93662-BC17-4578-8368-23D0555C660B}"
EndProject
Global
	GlobalSection(SolutionConfigurationPlatforms) = preSolution
		Debug|Any CPU = Debug|Any CPU
		Release|Any CPU = Release|Any CPU
	EndGlobalSection
	GlobalSection(ProjectConfigurationPlatforms) = postSolution
		{CA5B0FBF-B748-4D05-A3B8-0D4EF58285C1}.Debug|Any CPU.ActiveCfg = Debug|Any CPU
		{CA5B0FBF-B748-4D05-A3B8-0D4EF58285C1}.Debug|Any CPU.Build.0 = Debug|Any CPU
		{CA5B0FBF-B748-4D05-A3B8-0D4EF58285C1}.Release|Any CPU.ActiveCfg = Release|Any CPU
		{CA5B0FBF-B748-4D05-A3B8-0D4EF58285C1}.Release|Any CPU.Build.0 = Release|Any CPU
		{8FB93662-BC17-4578-8368-23D0555C660B}.Debug|Any CPU.ActiveCfg = Debug|Any CPU
		{8FB93662-BC17-4578-8368-23D0555C660B}.Debug|Any CPU.Build.0 = Debug|Any CPU
		{8FB93662-BC17-4578-8368-23D0555C660B}.Release|Any CPU.ActiveCfg = Release|Any CPU
		{8FB93662-BC17-4578-8368-23D0555C660B}.Release|Any CPU.Build.0 = Release|Any CPU
	EndGlobalSection
	GlobalSection(SolutionProperties) = preSolution
		HideSolutionNode = FALSE
	EndGlobalSection
	GlobalSection(ExtensibilityGlobals) = postSolution
		SolutionGuid = {7A17E37E-D558-4EAC-8845-CBFF69827EBD}
	EndGlobalSection
EndGlobal
